
Microsoft Visual Studio Solution File, Format Version 12.00
# Visual Studio Version 17
VisualStudioVersion = 17.8.34511.84
MinimumVisualStudioVersion = 10.0.40219.1
Project("{9A19103F-16F7-4668-BE54-9A1E7A4F7556}") = "shoppingCart.DataAcess", "shoppingCart.DataAcess\shoppingCart.DataAcess.csproj", "{3E631ABF-8480-435D-A3C1-CA71EA3D6CE3}"
EndProject
Project("{9A19103F-16F7-4668-BE54-9A1E7A4F7556}") = "shoppingCart.Entities", "shoppingCart.Entities\shoppingCart.Entities.csproj", "{FCF3C4CF-5473-40FB-9DD8-E47961FDE2ED}"
EndProject
Project("{FAE04EC0-301F-11D3-BF4B-00C04F79EFBC}") = "shoppingCart.Presentation", "shoppingCart.Presentation\shoppingCart.Presentation.csproj", "{26E97F9B-DBD7-4E34-9A53-328241912570}"
EndProject
Global
	GlobalSection(SolutionConfigurationPlatforms) = preSolution
		Debug|Any CPU = Debug|Any CPU
		Release|Any CPU = Release|Any CPU
	EndGlobalSection
	GlobalSection(ProjectConfigurationPlatforms) = postSolution
		{3E631ABF-8480-435D-A3C1-CA71EA3D6CE3}.Debug|Any CPU.ActiveCfg = Debug|Any CPU
		{3E631ABF-8480-435D-A3C1-CA71EA3D6CE3}.Debug|Any CPU.Build.0 = Debug|Any CPU
		{3E631ABF-8480-435D-A3C1-CA71EA3D6CE3}.Release|Any CPU.ActiveCfg = Release|Any CPU
		{3E631ABF-8480-435D-A3C1-CA71EA3D6CE3}.Release|Any CPU.Build.0 = Release|Any CPU
		{FCF3C4CF-5473-40FB-9DD8-E47961FDE2ED}.Debug|Any CPU.ActiveCfg = Debug|Any CPU
		{FCF3C4CF-5473-40FB-9DD8-E47961FDE2ED}.Debug|Any CPU.Build.0 = Debug|Any CPU
		{FCF3C4CF-5473-40FB-9DD8-E47961FDE2ED}.Release|Any CPU.ActiveCfg = Release|Any CPU
		{FCF3C4CF-5473-40FB-9DD8-E47961FDE2ED}.Release|Any CPU.Build.0 = Release|Any CPU
		{26E97F9B-DBD7-4E34-9A53-328241912570}.Debug|Any CPU.ActiveCfg = Debug|Any CPU
		{26E97F9B-DBD7-4E34-9A53-328241912570}.Debug|Any CPU.Build.0 = Debug|Any CPU
		{26E97F9B-DBD7-4E34-9A53-328241912570}.Release|Any CPU.ActiveCfg = Release|Any CPU
		{26E97F9B-DBD7-4E34-9A53-328241912570}.Release|Any CPU.Build.0 = Release|Any CPU
	EndGlobalSection
	GlobalSection(SolutionProperties) = preSolution
		HideSolutionNode = FALSE
	EndGlobalSection
	GlobalSection(ExtensibilityGlobals) = postSolution
		SolutionGuid = {EA8D204C-D01F-46F8-99C1-A10B3DA6B5B1}
	EndGlobalSection
EndGlobal
